
Microsoft Visual Studio Solution File, Format Version 12.00
# Visual Studio Version 17
VisualStudioVersion = 17.11.35017.193
MinimumVisualStudioVersion = 10.0.40219.1
Project("{9A19103F-16F7-4668-BE54-9A1E7A4F7556}") = "Parkings", "ConsoleApp1\Parkings.csproj", "{BFF52F50-BADB-44B5-8B50-88C95D161E9E}"
EndProject
Global
	GlobalSection(SolutionConfigurationPlatforms) = preSolution
		Debug|Any CPU = Debug|Any CPU
		Release|Any CPU = Release|Any CPU
	EndGlobalSection
	GlobalSection(ProjectConfigurationPlatforms) = postSolution
		{BFF52F50-BADB-44B5-8B50-88C95D161E9E}.Debug|Any CPU.ActiveCfg = Debug|Any CPU
		{BFF52F50-BADB-44B5-8B50-88C95D161E9E}.Debug|Any CPU.Build.0 = Debug|Any CPU
		{BFF52F50-BADB-44B5-8B50-88C95D161E9E}.Release|Any CPU.ActiveCfg = Release|Any CPU
		{BFF52F50-BADB-44B5-8B50-88C95D161E9E}.Release|Any CPU.Build.0 = Release|Any CPU
	EndGlobalSection
	GlobalSection(SolutionProperties) = preSolution
		HideSolutionNode = FALSE
	EndGlobalSection
	GlobalSection(ExtensibilityGlobals) = postSolution
		SolutionGuid = {A2131A81-1B35-4375-929D-EFAC308D490A}
	EndGlobalSection
EndGlobal
